
Microsoft Visual Studio Solution File, Format Version 12.00
# Visual Studio 15
VisualStudioVersion = 15.0.27703.2047
MinimumVisualStudioVersion = 10.0.40219.1
Project("{9A19103F-16F7-4668-BE54-9A1E7A4F7556}") = "CompilerAttributes", "CompilerAttributes\CompilerAttributes\CompilerAttributes.csproj", "{CC7E7187-08E1-4D8E-8110-727BCF4C8CA6}"
EndProject
Global
	GlobalSection(SolutionConfigurationPlatforms) = preSolution
		Debug|Any CPU = Debug|Any CPU
		Release|Any CPU = Release|Any CPU
	EndGlobalSection
	GlobalSection(ProjectConfigurationPlatforms) = postSolution
		{CC7E7187-08E1-4D8E-8110-727BCF4C8CA6}.Debug|Any CPU.ActiveCfg = Debug|Any CPU
		{CC7E7187-08E1-4D8E-8110-727BCF4C8CA6}.Debug|Any CPU.Build.0 = Debug|Any CPU
		{CC7E7187-08E1-4D8E-8110-727BCF4C8CA6}.Release|Any CPU.ActiveCfg = Release|Any CPU
		{CC7E7187-08E1-4D8E-8110-727BCF4C8CA6}.Release|Any CPU.Build.0 = Release|Any CPU
	EndGlobalSection
	GlobalSection(SolutionProperties) = preSolution
		HideSolutionNode = FALSE
	EndGlobalSection
	GlobalSection(ExtensibilityGlobals) = postSolution
		SolutionGuid = {262CE63B-CD1D-4040-803D-E96A0552C9AD}
	EndGlobalSection
EndGlobal
