
Microsoft Visual Studio Solution File, Format Version 12.00
# Visual Studio 15
VisualStudioVersion = 15.0.27703.2042
MinimumVisualStudioVersion = 10.0.40219.1
Project("{9A19103F-16F7-4668-BE54-9A1E7A4F7556}") = "ConsoleApp1", "ConsoleApp1\ConsoleApp1.csproj", "{C4FB8A6D-B357-4DD1-A896-D614418FBF4D}"
EndProject
Project("{9A19103F-16F7-4668-BE54-9A1E7A4F7556}") = "ClassLibrary1", "ClassLibrary1\ClassLibrary1.csproj", "{44D78317-E6BC-454A-855A-CCDF39B25529}"
EndProject
Global
	GlobalSection(SolutionConfigurationPlatforms) = preSolution
		Debug|Any CPU = Debug|Any CPU
		Release|Any CPU = Release|Any CPU
	EndGlobalSection
	GlobalSection(ProjectConfigurationPlatforms) = postSolution
		{C4FB8A6D-B357-4DD1-A896-D614418FBF4D}.Debug|Any CPU.ActiveCfg = Debug|Any CPU
		{C4FB8A6D-B357-4DD1-A896-D614418FBF4D}.Debug|Any CPU.Build.0 = Debug|Any CPU
		{C4FB8A6D-B357-4DD1-A896-D614418FBF4D}.Release|Any CPU.ActiveCfg = Release|Any CPU
		{C4FB8A6D-B357-4DD1-A896-D614418FBF4D}.Release|Any CPU.Build.0 = Release|Any CPU
		{44D78317-E6BC-454A-855A-CCDF39B25529}.Debug|Any CPU.ActiveCfg = Debug|Any CPU
		{44D78317-E6BC-454A-855A-CCDF39B25529}.Debug|Any CPU.Build.0 = Debug|Any CPU
		{44D78317-E6BC-454A-855A-CCDF39B25529}.Release|Any CPU.ActiveCfg = Release|Any CPU
		{44D78317-E6BC-454A-855A-CCDF39B25529}.Release|Any CPU.Build.0 = Release|Any CPU
	EndGlobalSection
	GlobalSection(SolutionProperties) = preSolution
		HideSolutionNode = FALSE
	EndGlobalSection
	GlobalSection(ExtensibilityGlobals) = postSolution
		SolutionGuid = {15720FFE-2975-4008-9411-F2FEF7642E4B}
	EndGlobalSection
EndGlobal
